
Microsoft Visual Studio Solution File, Format Version 12.00
# Visual Studio Version 17
VisualStudioVersion = 17.3.32922.545
MinimumVisualStudioVersion = 10.0.40219.1
Project("{9A19103F-16F7-4668-BE54-9A1E7A4F7556}") = "APIMiniProject", "APIMiniProject\APIMiniProject.csproj", "{9EF4DCC3-0637-4DEB-BB51-C2C10945912A}"
EndProject
Project("{FAE04EC0-301F-11D3-BF4B-00C04F79EFBC}") = "APITests", "APITests\APITests.csproj", "{2943FCEC-9185-4F0B-ABC6-469B3962EB50}"
EndProject
Global
	GlobalSection(SolutionConfigurationPlatforms) = preSolution
		Debug|Any CPU = Debug|Any CPU
		Release|Any CPU = Release|Any CPU
	EndGlobalSection
	GlobalSection(ProjectConfigurationPlatforms) = postSolution
		{9EF4DCC3-0637-4DEB-BB51-C2C10945912A}.Debug|Any CPU.ActiveCfg = Debug|Any CPU
		{9EF4DCC3-0637-4DEB-BB51-C2C10945912A}.Debug|Any CPU.Build.0 = Debug|Any CPU
		{9EF4DCC3-0637-4DEB-BB51-C2C10945912A}.Release|Any CPU.ActiveCfg = Release|Any CPU
		{9EF4DCC3-0637-4DEB-BB51-C2C10945912A}.Release|Any CPU.Build.0 = Release|Any CPU
		{2943FCEC-9185-4F0B-ABC6-469B3962EB50}.Debug|Any CPU.ActiveCfg = Debug|Any CPU
		{2943FCEC-9185-4F0B-ABC6-469B3962EB50}.Debug|Any CPU.Build.0 = Debug|Any CPU
		{2943FCEC-9185-4F0B-ABC6-469B3962EB50}.Release|Any CPU.ActiveCfg = Release|Any CPU
		{2943FCEC-9185-4F0B-ABC6-469B3962EB50}.Release|Any CPU.Build.0 = Release|Any CPU
	EndGlobalSection
	GlobalSection(SolutionProperties) = preSolution
		HideSolutionNode = FALSE
	EndGlobalSection
	GlobalSection(ExtensibilityGlobals) = postSolution
		SolutionGuid = {F469BA5B-F257-4939-9D93-6924AB535A58}
	EndGlobalSection
EndGlobal
